
Microsoft Visual Studio Solution File, Format Version 12.00
# Visual Studio 15
VisualStudioVersion = 15.0.28307.136
MinimumVisualStudioVersion = 10.0.40219.1
Project("{FAE04EC0-301F-11D3-BF4B-00C04F79EFBC}") = "TryInterfaces", "TryInterfaces\TryInterfaces.csproj", "{4FEB4F7F-56D3-4786-8CD4-D3C0A3F8D1FB}"
EndProject
Global
	GlobalSection(SolutionConfigurationPlatforms) = preSolution
		Debug|Any CPU = Debug|Any CPU
		Release|Any CPU = Release|Any CPU
	EndGlobalSection
	GlobalSection(ProjectConfigurationPlatforms) = postSolution
		{4FEB4F7F-56D3-4786-8CD4-D3C0A3F8D1FB}.Debug|Any CPU.ActiveCfg = Debug|Any CPU
		{4FEB4F7F-56D3-4786-8CD4-D3C0A3F8D1FB}.Debug|Any CPU.Build.0 = Debug|Any CPU
		{4FEB4F7F-56D3-4786-8CD4-D3C0A3F8D1FB}.Release|Any CPU.ActiveCfg = Release|Any CPU
		{4FEB4F7F-56D3-4786-8CD4-D3C0A3F8D1FB}.Release|Any CPU.Build.0 = Release|Any CPU
	EndGlobalSection
	GlobalSection(SolutionProperties) = preSolution
		HideSolutionNode = FALSE
	EndGlobalSection
	GlobalSection(ExtensibilityGlobals) = postSolution
		SolutionGuid = {0EA6EE16-18DE-48F0-B6BC-B30D2B75CD84}
	EndGlobalSection
EndGlobal
